PODS:
  - Aspects (1.4.1)
  - Masonry (1.0.2)
  - RDVTabBarController (1.1.9)
  - ReactiveCocoa (2.5):
    - ReactiveCocoa/UI (= 2.5)
  - ReactiveCocoa/Core (2.5):
    - ReactiveCocoa/no-arc
  - ReactiveCocoa/no-arc (2.5)
  - ReactiveCocoa/UI (2.5):
    - ReactiveCocoa/Core

DEPENDENCIES:
  - Aspects
  - Masonry
  - RDVTabBarController
  - ReactiveCocoa

SPEC CHECKSUMS:
  Aspects: 7595ba96a6727a58ebcbfc954497fc5d2fdde546
  Masonry: 7c429b56da9d4ee0bbb3ed77a5ea710d6a5df39e
  RDVTabBarController: 67794f7a7a37f8e32f046f85ac67d06ab92d624a
  ReactiveCocoa: e2db045570aa97c695e7aa97c2bcab222ae51f4a

PODFILE CHECKSUM: 38d6733fb95c9082369c613c222c943854d85fef

COCOAPODS: 1.1.1
